
Microsoft Visual Studio Solution File, Format Version 12.00
# Visual Studio 15
VisualStudioVersion = 15.0.27428.2027
MinimumVisualStudioVersion = 10.0.40219.1
Project("{FAE04EC0-301F-11D3-BF4B-00C04F79EFBC}") = "Hersan.Datos", "Hersan.Datos\Hersan.Datos.csproj", "{220A1C2F-41CE-44CC-A90B-32EC8DBC535A}"
EndProject
Project("{FAE04EC0-301F-11D3-BF4B-00C04F79EFBC}") = "Hersan.Entidades", "Hersan.Entidades\Hersan.Entidades.csproj", "{4E3994EF-5056-4289-9C62-DC1140FD764E}"
EndProject
Project("{FAE04EC0-301F-11D3-BF4B-00C04F79EFBC}") = "Hersan.Negocio", "Hersan.Negocio\Hersan.Negocio.csproj", "{9DC9D350-B0E3-4481-AC7A-DBE3729C8955}"
EndProject
Project("{2150E333-8FDC-42A3-9474-1A3956D46DE8}") = "Datos", "Datos", "{56638BCA-E00D-4AFE-8390-C3E572A9C339}"
EndProject
Project("{2150E333-8FDC-42A3-9474-1A3956D46DE8}") = "Entidades", "Entidades", "{E0C94E7C-CFD0-423C-9F08-F6CF492FBE28}"
EndProject
Project("{2150E333-8FDC-42A3-9474-1A3956D46DE8}") = "Negocio", "Negocio", "{7E9806D0-6778-4DCD-AF1F-013ACEE01569}"
EndProject
Project("{FAE04EC0-301F-11D3-BF4B-00C04F79EFBC}") = "Hersan.UI.Seguridad", "Hersan.UI.Seguridad\Hersan.UI.Seguridad.csproj", "{63CBF2E1-5E97-4F81-BF0C-DDDA05B444AF}"
	ProjectSection(ProjectDependencies) = postProject
		{EB0A5546-6267-4112-B724-EF390827E802} = {EB0A5546-6267-4112-B724-EF390827E802}
		{8C02FB69-6302-48AF-A633-EC38BB23BD5F} = {8C02FB69-6302-48AF-A633-EC38BB23BD5F}
	EndProjectSection
EndProject
Project("{FAE04EC0-301F-11D3-BF4B-00C04F79EFBC}") = "Hersan.UI.Principal", "Hersan\Hersan.UI.Principal.csproj", "{D65CE714-2FB2-4123-B88F-8A4B5FFBC5E0}"
EndProject
Project("{FAE04EC0-301F-11D3-BF4B-00C04F79EFBC}") = "Hersan.Seguridad.Contract", "Hersan.Seguridad.Contract\Hersan.Seguridad.Contract.csproj", "{A46CD9DA-66C5-4471-B0EB-75C2A1EFFF10}"
EndProject
Project("{FAE04EC0-301F-11D3-BF4B-00C04F79EFBC}") = "Hersan.Seguridad.Host", "Hersan.Seguridad.Host\Hersan.Seguridad.Host.csproj", "{EB0A5546-6267-4112-B724-EF390827E802}"
EndProject
Project("{FAE04EC0-301F-11D3-BF4B-00C04F79EFBC}") = "Hersan.Seguridad.Service", "Hersan.Seguridad.Service\Hersan.Seguridad.Service.csproj", "{1837A663-EEC5-4732-929B-FA824536234A}"
EndProject
Project("{2150E333-8FDC-42A3-9474-1A3956D46DE8}") = "Servicios", "Servicios", "{1CDFB5AB-CCB8-4DDE-99AA-5F8941A91EA3}"
EndProject
Project("{2150E333-8FDC-42A3-9474-1A3956D46DE8}") = "Seguridad", "Seguridad", "{3224EBA3-B351-4BF3-A388-BD04B8921E7F}"
EndProject
Project("{2150E333-8FDC-42A3-9474-1A3956D46DE8}") = "Presentacion", "Presentacion", "{DD60904F-9725-44F4-AB70-DA825C0E31B1}"
EndProject
Project("{2150E333-8FDC-42A3-9474-1A3956D46DE8}") = "Seguridad", "Seguridad", "{218D9F26-14AC-443B-A9F3-C92544CB1739}"
EndProject
Project("{2150E333-8FDC-42A3-9474-1A3956D46DE8}") = "Catalogos", "Catalogos", "{DB3BCECC-9C38-4AFE-935E-C7702C2A1721}"
EndProject
Project("{2150E333-8FDC-42A3-9474-1A3956D46DE8}") = "CapitalHumano", "CapitalHumano", "{BF403A98-155B-4420-B21A-42560B79797C}"
EndProject
Project("{FAE04EC0-301F-11D3-BF4B-00C04F79EFBC}") = "Hersan.UI.CapitalHumano", "Hersan.UI.CapitalHumano\Hersan.UI.CapitalHumano.csproj", "{EE64995C-6BCC-43D1-8E12-43125E2DB6C2}"
	ProjectSection(ProjectDependencies) = postProject
		{EB0A5546-6267-4112-B724-EF390827E802} = {EB0A5546-6267-4112-B724-EF390827E802}
		{8C02FB69-6302-48AF-A633-EC38BB23BD5F} = {8C02FB69-6302-48AF-A633-EC38BB23BD5F}
		{0620A798-E3F8-4A83-9CEA-0C70330F738A} = {0620A798-E3F8-4A83-9CEA-0C70330F738A}
	EndProjectSection
EndProject
Project("{2150E333-8FDC-42A3-9474-1A3956D46DE8}") = "Catalogos", "Catalogos", "{0F5CACE8-473C-4462-8A8B-3B61A7194770}"
EndProject
Project("{FAE04EC0-301F-11D3-BF4B-00C04F79EFBC}") = "Hersan.Catalogos.Contract", "Servicios\Catalogos\Hersan.Catalogos.Contract\Hersan.Catalogos.Contract.csproj", "{456AFE63-E8D4-4D9B-AE93-0DACADA2DC97}"
EndProject
Project("{FAE04EC0-301F-11D3-BF4B-00C04F79EFBC}") = "Hersan.Catalogos.Service", "Servicios\Catalogos\Hersan.Catalogos.Service\Hersan.Catalogos.Service.csproj", "{354B0BF6-7BE3-41D8-BEFD-DA19396632FF}"
EndProject
Project("{FAE04EC0-301F-11D3-BF4B-00C04F79EFBC}") = "Hersan.Catalogos.Host", "Servicios\Catalogos\Hersan.Catalogos.Host\Hersan.Catalogos.Host.csproj", "{8C02FB69-6302-48AF-A633-EC38BB23BD5F}"
EndProject
Project("{FAE04EC0-301F-11D3-BF4B-00C04F79EFBC}") = "Hersan.UI.Catalogos", "Hersan.UI.Catalogos\Hersan.UI.Catalogos.csproj", "{C7A0E85C-70A0-40CC-A42C-D917C1C99827}"
	ProjectSection(ProjectDependencies) = postProject
		{0620A798-E3F8-4A83-9CEA-0C70330F738A} = {0620A798-E3F8-4A83-9CEA-0C70330F738A}
	EndProjectSection
EndProject
Project("{2150E333-8FDC-42A3-9474-1A3956D46DE8}") = "CapitalHumano", "CapitalHumano", "{5E2265E5-6D13-4324-9B04-41A8B6FCE859}"
EndProject
Project("{FAE04EC0-301F-11D3-BF4B-00C04F79EFBC}") = "Hersan.CH.Contract", "Servicios\CapitalHumano\Hersan.CH.Contract\Hersan.CH.Contract.csproj", "{B4A59419-8011-4689-B69D-1138B5568CCA}"
EndProject
Project("{FAE04EC0-301F-11D3-BF4B-00C04F79EFBC}") = "Hersan.CH.Service", "Servicios\CapitalHumano\Hersan.CH.Service\Hersan.CH.Service.csproj", "{1EC48A06-2866-4AE8-8F46-F9E5A16CE40A}"
EndProject
Project("{FAE04EC0-301F-11D3-BF4B-00C04F79EFBC}") = "Hersan.CH.Host", "Servicios\CapitalHumano\Hersan.CH.Host\Hersan.CH.Host.csproj", "{0620A798-E3F8-4A83-9CEA-0C70330F738A}"
EndProject
Project("{2150E333-8FDC-42A3-9474-1A3956D46DE8}") = "DiagramFirstLook", "DiagramFirstLook", "{95152F5D-F640-4313-9C67-1FF276AED610}"
EndProject
Project("{FAE04EC0-301F-11D3-BF4B-00C04F79EFBC}") = "DiagramFirstLook", "..\..\Documents\Diag\EstructuraOrganizacional\DiagramFirstLook.csproj", "{A5016819-7BC7-4159-B86F-EFD8D66CA7CD}"
EndProject
Global
	GlobalSection(SolutionConfigurationPlatforms) = preSolution
		Debug|Any CPU = Debug|Any CPU
		Release|Any CPU = Release|Any CPU
		Release40|Any CPU = Release40|Any CPU
		ReleaseTrial|Any CPU = ReleaseTrial|Any CPU
		ReleaseTrial40|Any CPU = ReleaseTrial40|Any CPU
	EndGlobalSection
	GlobalSection(ProjectConfigurationPlatforms) = postSolution
		{220A1C2F-41CE-44CC-A90B-32EC8DBC535A}.Debug|Any CPU.ActiveCfg = Debug|Any CPU
		{220A1C2F-41CE-44CC-A90B-32EC8DBC535A}.Debug|Any CPU.Build.0 = Debug|Any CPU
		{220A1C2F-41CE-44CC-A90B-32EC8DBC535A}.Release|Any CPU.ActiveCfg = Release|Any CPU
		{220A1C2F-41CE-44CC-A90B-32EC8DBC535A}.Release|Any CPU.Build.0 = Release|Any CPU
		{220A1C2F-41CE-44CC-A90B-32EC8DBC535A}.Release40|Any CPU.ActiveCfg = Release|Any CPU
		{220A1C2F-41CE-44CC-A90B-32EC8DBC535A}.Release40|Any CPU.Build.0 = Release|Any CPU
		{220A1C2F-41CE-44CC-A90B-32EC8DBC535A}.ReleaseTrial|Any CPU.ActiveCfg = Release|Any CPU
		{220A1C2F-41CE-44CC-A90B-32EC8DBC535A}.ReleaseTrial|Any CPU.Build.0 = Release|Any CPU
		{220A1C2F-41CE-44CC-A90B-32EC8DBC535A}.ReleaseTrial40|Any CPU.ActiveCfg = Release|Any CPU
		{220A1C2F-41CE-44CC-A90B-32EC8DBC535A}.ReleaseTrial40|Any CPU.Build.0 = Release|Any CPU
		{4E3994EF-5056-4289-9C62-DC1140FD764E}.Debug|Any CPU.ActiveCfg = Debug|Any CPU
		{4E3994EF-5056-4289-9C62-DC1140FD764E}.Debug|Any CPU.Build.0 = Debug|Any CPU
		{4E3994EF-5056-4289-9C62-DC1140FD764E}.Release|Any CPU.ActiveCfg = Release|Any CPU
		{4E3994EF-5056-4289-9C62-DC1140FD764E}.Release|Any CPU.Build.0 = Release|Any CPU
		{4E3994EF-5056-4289-9C62-DC1140FD764E}.Release40|Any CPU.ActiveCfg = Release|Any CPU
		{4E3994EF-5056-4289-9C62-DC1140FD764E}.Release40|Any CPU.Build.0 = Release|Any CPU
		{4E3994EF-5056-4289-9C62-DC1140FD764E}.ReleaseTrial|Any CPU.ActiveCfg = Release|Any CPU
		{4E3994EF-5056-4289-9C62-DC1140FD764E}.ReleaseTrial|Any CPU.Build.0 = Release|Any CPU
		{4E3994EF-5056-4289-9C62-DC1140FD764E}.ReleaseTrial40|Any CPU.ActiveCfg = Release|Any CPU
		{4E3994EF-5056-4289-9C62-DC1140FD764E}.ReleaseTrial40|Any CPU.Build.0 = Release|Any CPU
		{9DC9D350-B0E3-4481-AC7A-DBE3729C8955}.Debug|Any CPU.ActiveCfg = Debug|Any CPU
		{9DC9D350-B0E3-4481-AC7A-DBE3729C8955}.Debug|Any CPU.Build.0 = Debug|Any CPU
		{9DC9D350-B0E3-4481-AC7A-DBE3729C8955}.Release|Any CPU.ActiveCfg = Release|Any CPU
		{9DC9D350-B0E3-4481-AC7A-DBE3729C8955}.Release|Any CPU.Build.0 = Release|Any CPU
		{9DC9D350-B0E3-4481-AC7A-DBE3729C8955}.Release40|Any CPU.ActiveCfg = Release|Any CPU
		{9DC9D350-B0E3-4481-AC7A-DBE3729C8955}.Release40|Any CPU.Build.0 = Release|Any CPU
		{9DC9D350-B0E3-4481-AC7A-DBE3729C8955}.ReleaseTrial|Any CPU.ActiveCfg = Release|Any CPU
		{9DC9D350-B0E3-4481-AC7A-DBE3729C8955}.ReleaseTrial|Any CPU.Build.0 = Release|Any CPU
		{9DC9D350-B0E3-4481-AC7A-DBE3729C8955}.ReleaseTrial40|Any CPU.ActiveCfg = Release|Any CPU
		{9DC9D350-B0E3-4481-AC7A-DBE3729C8955}.ReleaseTrial40|Any CPU.Build.0 = Release|Any CPU
		{63CBF2E1-5E97-4F81-BF0C-DDDA05B444AF}.Debug|Any CPU.ActiveCfg = Debug|Any CPU
		{63CBF2E1-5E97-4F81-BF0C-DDDA05B444AF}.Debug|Any CPU.Build.0 = Debug|Any CPU
		{63CBF2E1-5E97-4F81-BF0C-DDDA05B444AF}.Release|Any CPU.ActiveCfg = Release|Any CPU
		{63CBF2E1-5E97-4F81-BF0C-DDDA05B444AF}.Release|Any CPU.Build.0 = Release|Any CPU
		{63CBF2E1-5E97-4F81-BF0C-DDDA05B444AF}.Release40|Any CPU.ActiveCfg = Release|Any CPU
		{63CBF2E1-5E97-4F81-BF0C-DDDA05B444AF}.Release40|Any CPU.Build.0 = Release|Any CPU
		{63CBF2E1-5E97-4F81-BF0C-DDDA05B444AF}.ReleaseTrial|Any CPU.ActiveCfg = Release|Any CPU
		{63CBF2E1-5E97-4F81-BF0C-DDDA05B444AF}.ReleaseTrial|Any CPU.Build.0 = Release|Any CPU
		{63CBF2E1-5E97-4F81-BF0C-DDDA05B444AF}.ReleaseTrial40|Any CPU.ActiveCfg = Release|Any CPU
		{63CBF2E1-5E97-4F81-BF0C-DDDA05B444AF}.ReleaseTrial40|Any CPU.Build.0 = Release|Any CPU
		{D65CE714-2FB2-4123-B88F-8A4B5FFBC5E0}.Debug|Any CPU.ActiveCfg = Debug|Any CPU
		{D65CE714-2FB2-4123-B88F-8A4B5FFBC5E0}.Debug|Any CPU.Build.0 = Debug|Any CPU
		{D65CE714-2FB2-4123-B88F-8A4B5FFBC5E0}.Release|Any CPU.ActiveCfg = Release|Any CPU
		{D65CE714-2FB2-4123-B88F-8A4B5FFBC5E0}.Release|Any CPU.Build.0 = Release|Any CPU
		{D65CE714-2FB2-4123-B88F-8A4B5FFBC5E0}.Release40|Any CPU.ActiveCfg = Release|Any CPU
		{D65CE714-2FB2-4123-B88F-8A4B5FFBC5E0}.Release40|Any CPU.Build.0 = Release|Any CPU
		{D65CE714-2FB2-4123-B88F-8A4B5FFBC5E0}.ReleaseTrial|Any CPU.ActiveCfg = Release|Any CPU
		{D65CE714-2FB2-4123-B88F-8A4B5FFBC5E0}.ReleaseTrial|Any CPU.Build.0 = Release|Any CPU
		{D65CE714-2FB2-4123-B88F-8A4B5FFBC5E0}.ReleaseTrial40|Any CPU.ActiveCfg = Release|Any CPU
		{D65CE714-2FB2-4123-B88F-8A4B5FFBC5E0}.ReleaseTrial40|Any CPU.Build.0 = Release|Any CPU
		{A46CD9DA-66C5-4471-B0EB-75C2A1EFFF10}.Debug|Any CPU.ActiveCfg = Debug|Any CPU
		{A46CD9DA-66C5-4471-B0EB-75C2A1EFFF10}.Debug|Any CPU.Build.0 = Debug|Any CPU
		{A46CD9DA-66C5-4471-B0EB-75C2A1EFFF10}.Release|Any CPU.ActiveCfg = Release|Any CPU
		{A46CD9DA-66C5-4471-B0EB-75C2A1EFFF10}.Release|Any CPU.Build.0 = Release|Any CPU
		{A46CD9DA-66C5-4471-B0EB-75C2A1EFFF10}.Release40|Any CPU.ActiveCfg = Release|Any CPU
		{A46CD9DA-66C5-4471-B0EB-75C2A1EFFF10}.Release40|Any CPU.Build.0 = Release|Any CPU
		{A46CD9DA-66C5-4471-B0EB-75C2A1EFFF10}.ReleaseTrial|Any CPU.ActiveCfg = Release|Any CPU
		{A46CD9DA-66C5-4471-B0EB-75C2A1EFFF10}.ReleaseTrial|Any CPU.Build.0 = Release|Any CPU
		{A46CD9DA-66C5-4471-B0EB-75C2A1EFFF10}.ReleaseTrial40|Any CPU.ActiveCfg = Release|Any CPU
		{A46CD9DA-66C5-4471-B0EB-75C2A1EFFF10}.ReleaseTrial40|Any CPU.Build.0 = Release|Any CPU
		{EB0A5546-6267-4112-B724-EF390827E802}.Debug|Any CPU.ActiveCfg = Debug|Any CPU
		{EB0A5546-6267-4112-B724-EF390827E802}.Debug|Any CPU.Build.0 = Debug|Any CPU
		{EB0A5546-6267-4112-B724-EF390827E802}.Release|Any CPU.ActiveCfg = Release|Any CPU
		{EB0A5546-6267-4112-B724-EF390827E802}.Release|Any CPU.Build.0 = Release|Any CPU
		{EB0A5546-6267-4112-B724-EF390827E802}.Release40|Any CPU.ActiveCfg = Release|Any CPU
		{EB0A5546-6267-4112-B724-EF390827E802}.Release40|Any CPU.Build.0 = Release|Any CPU
		{EB0A5546-6267-4112-B724-EF390827E802}.ReleaseTrial|Any CPU.ActiveCfg = Release|Any CPU
		{EB0A5546-6267-4112-B724-EF390827E802}.ReleaseTrial|Any CPU.Build.0 = Release|Any CPU
		{EB0A5546-6267-4112-B724-EF390827E802}.ReleaseTrial40|Any CPU.ActiveCfg = Release|Any CPU
		{EB0A5546-6267-4112-B724-EF390827E802}.ReleaseTrial40|Any CPU.Build.0 = Release|Any CPU
		{1837A663-EEC5-4732-929B-FA824536234A}.Debug|Any CPU.ActiveCfg = Debug|Any CPU
		{1837A663-EEC5-4732-929B-FA824536234A}.Debug|Any CPU.Build.0 = Debug|Any CPU
		{1837A663-EEC5-4732-929B-FA824536234A}.Release|Any CPU.ActiveCfg = Release|Any CPU
		{1837A663-EEC5-4732-929B-FA824536234A}.Release|Any CPU.Build.0 = Release|Any CPU
		{1837A663-EEC5-4732-929B-FA824536234A}.Release40|Any CPU.ActiveCfg = Release|Any CPU
		{1837A663-EEC5-4732-929B-FA824536234A}.Release40|Any CPU.Build.0 = Release|Any CPU
		{1837A663-EEC5-4732-929B-FA824536234A}.ReleaseTrial|Any CPU.ActiveCfg = Release|Any CPU
		{1837A663-EEC5-4732-929B-FA824536234A}.ReleaseTrial|Any CPU.Build.0 = Release|Any CPU
		{1837A663-EEC5-4732-929B-FA824536234A}.ReleaseTrial40|Any CPU.ActiveCfg = Release|Any CPU
		{1837A663-EEC5-4732-929B-FA824536234A}.ReleaseTrial40|Any CPU.Build.0 = Release|Any CPU
		{EE64995C-6BCC-43D1-8E12-43125E2DB6C2}.Debug|Any CPU.ActiveCfg = Debug|Any CPU
		{EE64995C-6BCC-43D1-8E12-43125E2DB6C2}.Debug|Any CPU.Build.0 = Debug|Any CPU
		{EE64995C-6BCC-43D1-8E12-43125E2DB6C2}.Release|Any CPU.ActiveCfg = Release|Any CPU
		{EE64995C-6BCC-43D1-8E12-43125E2DB6C2}.Release|Any CPU.Build.0 = Release|Any CPU
		{EE64995C-6BCC-43D1-8E12-43125E2DB6C2}.Release40|Any CPU.ActiveCfg = Release|Any CPU
		{EE64995C-6BCC-43D1-8E12-43125E2DB6C2}.Release40|Any CPU.Build.0 = Release|Any CPU
		{EE64995C-6BCC-43D1-8E12-43125E2DB6C2}.ReleaseTrial|Any CPU.ActiveCfg = Release|Any CPU
		{EE64995C-6BCC-43D1-8E12-43125E2DB6C2}.ReleaseTrial|Any CPU.Build.0 = Release|Any CPU
		{EE64995C-6BCC-43D1-8E12-43125E2DB6C2}.ReleaseTrial40|Any CPU.ActiveCfg = Release|Any CPU
		{EE64995C-6BCC-43D1-8E12-43125E2DB6C2}.ReleaseTrial40|Any CPU.Build.0 = Release|Any CPU
		{456AFE63-E8D4-4D9B-AE93-0DACADA2DC97}.Debug|Any CPU.ActiveCfg = Debug|Any CPU
		{456AFE63-E8D4-4D9B-AE93-0DACADA2DC97}.Debug|Any CPU.Build.0 = Debug|Any CPU
		{456AFE63-E8D4-4D9B-AE93-0DACADA2DC97}.Release|Any CPU.ActiveCfg = Release|Any CPU
		{456AFE63-E8D4-4D9B-AE93-0DACADA2DC97}.Release|Any CPU.Build.0 = Release|Any CPU
		{456AFE63-E8D4-4D9B-AE93-0DACADA2DC97}.Release40|Any CPU.ActiveCfg = Release|Any CPU
		{456AFE63-E8D4-4D9B-AE93-0DACADA2DC97}.Release40|Any CPU.Build.0 = Release|Any CPU
		{456AFE63-E8D4-4D9B-AE93-0DACADA2DC97}.ReleaseTrial|Any CPU.ActiveCfg = Release|Any CPU
		{456AFE63-E8D4-4D9B-AE93-0DACADA2DC97}.ReleaseTrial|Any CPU.Build.0 = Release|Any CPU
		{456AFE63-E8D4-4D9B-AE93-0DACADA2DC97}.ReleaseTrial40|Any CPU.ActiveCfg = Release|Any CPU
		{456AFE63-E8D4-4D9B-AE93-0DACADA2DC97}.ReleaseTrial40|Any CPU.Build.0 = Release|Any CPU
		{354B0BF6-7BE3-41D8-BEFD-DA19396632FF}.Debug|Any CPU.ActiveCfg = Debug|Any CPU
		{354B0BF6-7BE3-41D8-BEFD-DA19396632FF}.Debug|Any CPU.Build.0 = Debug|Any CPU
		{354B0BF6-7BE3-41D8-BEFD-DA19396632FF}.Release|Any CPU.ActiveCfg = Release|Any CPU
		{354B0BF6-7BE3-41D8-BEFD-DA19396632FF}.Release|Any CPU.Build.0 = Release|Any CPU
		{354B0BF6-7BE3-41D8-BEFD-DA19396632FF}.Release40|Any CPU.ActiveCfg = Release|Any CPU
		{354B0BF6-7BE3-41D8-BEFD-DA19396632FF}.Release40|Any CPU.Build.0 = Release|Any CPU
		{354B0BF6-7BE3-41D8-BEFD-DA19396632FF}.ReleaseTrial|Any CPU.ActiveCfg = Release|Any CPU
		{354B0BF6-7BE3-41D8-BEFD-DA19396632FF}.ReleaseTrial|Any CPU.Build.0 = Release|Any CPU
		{354B0BF6-7BE3-41D8-BEFD-DA19396632FF}.ReleaseTrial40|Any CPU.ActiveCfg = Release|Any CPU
		{354B0BF6-7BE3-41D8-BEFD-DA19396632FF}.ReleaseTrial40|Any CPU.Build.0 = Release|Any CPU
		{8C02FB69-6302-48AF-A633-EC38BB23BD5F}.Debug|Any CPU.ActiveCfg = Debug|Any CPU
		{8C02FB69-6302-48AF-A633-EC38BB23BD5F}.Debug|Any CPU.Build.0 = Debug|Any CPU
		{8C02FB69-6302-48AF-A633-EC38BB23BD5F}.Release|Any CPU.ActiveCfg = Release|Any CPU
		{8C02FB69-6302-48AF-A633-EC38BB23BD5F}.Release|Any CPU.Build.0 = Release|Any CPU
		{8C02FB69-6302-48AF-A633-EC38BB23BD5F}.Release40|Any CPU.ActiveCfg = Release|Any CPU
		{8C02FB69-6302-48AF-A633-EC38BB23BD5F}.Release40|Any CPU.Build.0 = Release|Any CPU
		{8C02FB69-6302-48AF-A633-EC38BB23BD5F}.ReleaseTrial|Any CPU.ActiveCfg = Release|Any CPU
		{8C02FB69-6302-48AF-A633-EC38BB23BD5F}.ReleaseTrial|Any CPU.Build.0 = Release|Any CPU
		{8C02FB69-6302-48AF-A633-EC38BB23BD5F}.ReleaseTrial40|Any CPU.ActiveCfg = Release|Any CPU
		{8C02FB69-6302-48AF-A633-EC38BB23BD5F}.ReleaseTrial40|Any CPU.Build.0 = Release|Any CPU
		{C7A0E85C-70A0-40CC-A42C-D917C1C99827}.Debug|Any CPU.ActiveCfg = Debug|Any CPU
		{C7A0E85C-70A0-40CC-A42C-D917C1C99827}.Debug|Any CPU.Build.0 = Debug|Any CPU
		{C7A0E85C-70A0-40CC-A42C-D917C1C99827}.Release|Any CPU.ActiveCfg = Release|Any CPU
		{C7A0E85C-70A0-40CC-A42C-D917C1C99827}.Release|Any CPU.Build.0 = Release|Any CPU
		{C7A0E85C-70A0-40CC-A42C-D917C1C99827}.Release40|Any CPU.ActiveCfg = Release|Any CPU
		{C7A0E85C-70A0-40CC-A42C-D917C1C99827}.Release40|Any CPU.Build.0 = Release|Any CPU
		{C7A0E85C-70A0-40CC-A42C-D917C1C99827}.ReleaseTrial|Any CPU.ActiveCfg = Release|Any CPU
		{C7A0E85C-70A0-40CC-A42C-D917C1C99827}.ReleaseTrial|Any CPU.Build.0 = Release|Any CPU
		{C7A0E85C-70A0-40CC-A42C-D917C1C99827}.ReleaseTrial40|Any CPU.ActiveCfg = Release|Any CPU
		{C7A0E85C-70A0-40CC-A42C-D917C1C99827}.ReleaseTrial40|Any CPU.Build.0 = Release|Any CPU
		{B4A59419-8011-4689-B69D-1138B5568CCA}.Debug|Any CPU.ActiveCfg = Debug|Any CPU
		{B4A59419-8011-4689-B69D-1138B5568CCA}.Debug|Any CPU.Build.0 = Debug|Any CPU
		{B4A59419-8011-4689-B69D-1138B5568CCA}.Release|Any CPU.ActiveCfg = Release|Any CPU
		{B4A59419-8011-4689-B69D-1138B5568CCA}.Release|Any CPU.Build.0 = Release|Any CPU
		{B4A59419-8011-4689-B69D-1138B5568CCA}.Release40|Any CPU.ActiveCfg = Release|Any CPU
		{B4A59419-8011-4689-B69D-1138B5568CCA}.Release40|Any CPU.Build.0 = Release|Any CPU
		{B4A59419-8011-4689-B69D-1138B5568CCA}.ReleaseTrial|Any CPU.ActiveCfg = Release|Any CPU
		{B4A59419-8011-4689-B69D-1138B5568CCA}.ReleaseTrial|Any CPU.Build.0 = Release|Any CPU
		{B4A59419-8011-4689-B69D-1138B5568CCA}.ReleaseTrial40|Any CPU.ActiveCfg = Release|Any CPU
		{B4A59419-8011-4689-B69D-1138B5568CCA}.ReleaseTrial40|Any CPU.Build.0 = Release|Any CPU
		{1EC48A06-2866-4AE8-8F46-F9E5A16CE40A}.Debug|Any CPU.ActiveCfg = Debug|Any CPU
		{1EC48A06-2866-4AE8-8F46-F9E5A16CE40A}.Debug|Any CPU.Build.0 = Debug|Any CPU
		{1EC48A06-2866-4AE8-8F46-F9E5A16CE40A}.Release|Any CPU.ActiveCfg = Release|Any CPU
		{1EC48A06-2866-4AE8-8F46-F9E5A16CE40A}.Release|Any CPU.Build.0 = Release|Any CPU
		{1EC48A06-2866-4AE8-8F46-F9E5A16CE40A}.Release40|Any CPU.ActiveCfg = Release|Any CPU
		{1EC48A06-2866-4AE8-8F46-F9E5A16CE40A}.Release40|Any CPU.Build.0 = Release|Any CPU
		{1EC48A06-2866-4AE8-8F46-F9E5A16CE40A}.ReleaseTrial|Any CPU.ActiveCfg = Release|Any CPU
		{1EC48A06-2866-4AE8-8F46-F9E5A16CE40A}.ReleaseTrial|Any CPU.Build.0 = Release|Any CPU
		{1EC48A06-2866-4AE8-8F46-F9E5A16CE40A}.ReleaseTrial40|Any CPU.ActiveCfg = Release|Any CPU
		{1EC48A06-2866-4AE8-8F46-F9E5A16CE40A}.ReleaseTrial40|Any CPU.Build.0 = Release|Any CPU
		{0620A798-E3F8-4A83-9CEA-0C70330F738A}.Debug|Any CPU.ActiveCfg = Debug|Any CPU
		{0620A798-E3F8-4A83-9CEA-0C70330F738A}.Debug|Any CPU.Build.0 = Debug|Any CPU
		{0620A798-E3F8-4A83-9CEA-0C70330F738A}.Release|Any CPU.ActiveCfg = Release|Any CPU
		{0620A798-E3F8-4A83-9CEA-0C70330F738A}.Release|Any CPU.Build.0 = Release|Any CPU
		{0620A798-E3F8-4A83-9CEA-0C70330F738A}.Release40|Any CPU.ActiveCfg = Release|Any CPU
		{0620A798-E3F8-4A83-9CEA-0C70330F738A}.Release40|Any CPU.Build.0 = Release|Any CPU
		{0620A798-E3F8-4A83-9CEA-0C70330F738A}.ReleaseTrial|Any CPU.ActiveCfg = Release|Any CPU
		{0620A798-E3F8-4A83-9CEA-0C70330F738A}.ReleaseTrial|Any CPU.Build.0 = Release|Any CPU
		{0620A798-E3F8-4A83-9CEA-0C70330F738A}.ReleaseTrial40|Any CPU.ActiveCfg = Release|Any CPU
		{0620A798-E3F8-4A83-9CEA-0C70330F738A}.ReleaseTrial40|Any CPU.Build.0 = Release|Any CPU
		{A5016819-7BC7-4159-B86F-EFD8D66CA7CD}.Debug|Any CPU.ActiveCfg = Debug|Any CPU
		{A5016819-7BC7-4159-B86F-EFD8D66CA7CD}.Debug|Any CPU.Build.0 = Debug|Any CPU
		{A5016819-7BC7-4159-B86F-EFD8D66CA7CD}.Release|Any CPU.ActiveCfg = Release|Any CPU
		{A5016819-7BC7-4159-B86F-EFD8D66CA7CD}.Release|Any CPU.Build.0 = Release|Any CPU
		{A5016819-7BC7-4159-B86F-EFD8D66CA7CD}.Release40|Any CPU.ActiveCfg = Release40|Any CPU
		{A5016819-7BC7-4159-B86F-EFD8D66CA7CD}.Release40|Any CPU.Build.0 = Release40|Any CPU
		{A5016819-7BC7-4159-B86F-EFD8D66CA7CD}.ReleaseTrial|Any CPU.ActiveCfg = ReleaseTrial|Any CPU
		{A5016819-7BC7-4159-B86F-EFD8D66CA7CD}.ReleaseTrial|Any CPU.Build.0 = ReleaseTrial|Any CPU
		{A5016819-7BC7-4159-B86F-EFD8D66CA7CD}.ReleaseTrial40|Any CPU.ActiveCfg = ReleaseTrial40|Any CPU
		{A5016819-7BC7-4159-B86F-EFD8D66CA7CD}.ReleaseTrial40|Any CPU.Build.0 = ReleaseTrial40|Any CPU
	EndGlobalSection
	GlobalSection(SolutionProperties) = preSolution
		HideSolutionNode = FALSE
	EndGlobalSection
	GlobalSection(NestedProjects) = preSolution
		{220A1C2F-41CE-44CC-A90B-32EC8DBC535A} = {56638BCA-E00D-4AFE-8390-C3E572A9C339}
		{4E3994EF-5056-4289-9C62-DC1140FD764E} = {E0C94E7C-CFD0-423C-9F08-F6CF492FBE28}
		{9DC9D350-B0E3-4481-AC7A-DBE3729C8955} = {7E9806D0-6778-4DCD-AF1F-013ACEE01569}
		{63CBF2E1-5E97-4F81-BF0C-DDDA05B444AF} = {218D9F26-14AC-443B-A9F3-C92544CB1739}
		{A46CD9DA-66C5-4471-B0EB-75C2A1EFFF10} = {3224EBA3-B351-4BF3-A388-BD04B8921E7F}
		{EB0A5546-6267-4112-B724-EF390827E802} = {3224EBA3-B351-4BF3-A388-BD04B8921E7F}
		{1837A663-EEC5-4732-929B-FA824536234A} = {3224EBA3-B351-4BF3-A388-BD04B8921E7F}
		{3224EBA3-B351-4BF3-A388-BD04B8921E7F} = {1CDFB5AB-CCB8-4DDE-99AA-5F8941A91EA3}
		{218D9F26-14AC-443B-A9F3-C92544CB1739} = {DD60904F-9725-44F4-AB70-DA825C0E31B1}
		{DB3BCECC-9C38-4AFE-935E-C7702C2A1721} = {DD60904F-9725-44F4-AB70-DA825C0E31B1}
		{BF403A98-155B-4420-B21A-42560B79797C} = {DD60904F-9725-44F4-AB70-DA825C0E31B1}
		{EE64995C-6BCC-43D1-8E12-43125E2DB6C2} = {BF403A98-155B-4420-B21A-42560B79797C}
		{0F5CACE8-473C-4462-8A8B-3B61A7194770} = {1CDFB5AB-CCB8-4DDE-99AA-5F8941A91EA3}
		{456AFE63-E8D4-4D9B-AE93-0DACADA2DC97} = {0F5CACE8-473C-4462-8A8B-3B61A7194770}
		{354B0BF6-7BE3-41D8-BEFD-DA19396632FF} = {0F5CACE8-473C-4462-8A8B-3B61A7194770}
		{8C02FB69-6302-48AF-A633-EC38BB23BD5F} = {0F5CACE8-473C-4462-8A8B-3B61A7194770}
		{C7A0E85C-70A0-40CC-A42C-D917C1C99827} = {DB3BCECC-9C38-4AFE-935E-C7702C2A1721}
		{5E2265E5-6D13-4324-9B04-41A8B6FCE859} = {1CDFB5AB-CCB8-4DDE-99AA-5F8941A91EA3}
		{B4A59419-8011-4689-B69D-1138B5568CCA} = {5E2265E5-6D13-4324-9B04-41A8B6FCE859}
		{1EC48A06-2866-4AE8-8F46-F9E5A16CE40A} = {5E2265E5-6D13-4324-9B04-41A8B6FCE859}
		{0620A798-E3F8-4A83-9CEA-0C70330F738A} = {5E2265E5-6D13-4324-9B04-41A8B6FCE859}
		{95152F5D-F640-4313-9C67-1FF276AED610} = {DD60904F-9725-44F4-AB70-DA825C0E31B1}
		{A5016819-7BC7-4159-B86F-EFD8D66CA7CD} = {95152F5D-F640-4313-9C67-1FF276AED610}
	EndGlobalSection
	GlobalSection(ExtensibilityGlobals) = postSolution
		SolutionGuid = {81F60B3B-238B-4DAA-994C-46F6F7DDB01C}
	EndGlobalSection
EndGlobal
