
Microsoft Visual Studio Solution File, Format Version 12.00
# Visual Studio 15
VisualStudioVersion = 15.0.27428.2027
MinimumVisualStudioVersion = 10.0.40219.1
Project("{FAE04EC0-301F-11D3-BF4B-00C04F79EFBC}") = "Hersan.Datos", "Hersan.Datos\Hersan.Datos.csproj", "{220A1C2F-41CE-44CC-A90B-32EC8DBC535A}"
EndProject
Project("{FAE04EC0-301F-11D3-BF4B-00C04F79EFBC}") = "Hersan.Entidades", "Hersan.Entidades\Hersan.Entidades.csproj", "{4E3994EF-5056-4289-9C62-DC1140FD764E}"
EndProject
Project("{FAE04EC0-301F-11D3-BF4B-00C04F79EFBC}") = "Hersan.Negocio", "Hersan.Negocio\Hersan.Negocio.csproj", "{9DC9D350-B0E3-4481-AC7A-DBE3729C8955}"
EndProject
Project("{2150E333-8FDC-42A3-9474-1A3956D46DE8}") = "Datos", "Datos", "{56638BCA-E00D-4AFE-8390-C3E572A9C339}"
EndProject
Project("{2150E333-8FDC-42A3-9474-1A3956D46DE8}") = "Entidades", "Entidades", "{E0C94E7C-CFD0-423C-9F08-F6CF492FBE28}"
EndProject
Project("{2150E333-8FDC-42A3-9474-1A3956D46DE8}") = "Negocio", "Negocio", "{7E9806D0-6778-4DCD-AF1F-013ACEE01569}"
EndProject
Project("{FAE04EC0-301F-11D3-BF4B-00C04F79EFBC}") = "Hersan.Data.Connection", "Hersan.Data.Connection\Hersan.Data.Connection.csproj", "{97B0819E-05D3-4C96-B68A-D7359FE24DEC}"
EndProject
Project("{2150E333-8FDC-42A3-9474-1A3956D46DE8}") = "WebAPI", "WebAPI", "{0567ECB9-28D1-49C0-B537-8BF3A6F5D730}"
EndProject
Project("{FAE04EC0-301F-11D3-BF4B-00C04F79EFBC}") = "Hersan.Web.API", "Hersan.Web.API\Hersan.Web.API.csproj", "{7A3EB3CD-D805-434C-9634-3BCC1482F661}"
EndProject
Project("{FAE04EC0-301F-11D3-BF4B-00C04F79EFBC}") = "Hersan.Resolver", "Hersan.Resolver\Hersan.Resolver.csproj", "{F1385A97-D414-47EC-9266-FF1487B3A1B3}"
EndProject
Global
	GlobalSection(SolutionConfigurationPlatforms) = preSolution
		Debug|Any CPU = Debug|Any CPU
		Release|Any CPU = Release|Any CPU
	EndGlobalSection
	GlobalSection(ProjectConfigurationPlatforms) = postSolution
		{220A1C2F-41CE-44CC-A90B-32EC8DBC535A}.Debug|Any CPU.ActiveCfg = Debug|Any CPU
		{220A1C2F-41CE-44CC-A90B-32EC8DBC535A}.Debug|Any CPU.Build.0 = Debug|Any CPU
		{220A1C2F-41CE-44CC-A90B-32EC8DBC535A}.Release|Any CPU.ActiveCfg = Release|Any CPU
		{220A1C2F-41CE-44CC-A90B-32EC8DBC535A}.Release|Any CPU.Build.0 = Release|Any CPU
		{4E3994EF-5056-4289-9C62-DC1140FD764E}.Debug|Any CPU.ActiveCfg = Debug|Any CPU
		{4E3994EF-5056-4289-9C62-DC1140FD764E}.Debug|Any CPU.Build.0 = Debug|Any CPU
		{4E3994EF-5056-4289-9C62-DC1140FD764E}.Release|Any CPU.ActiveCfg = Release|Any CPU
		{4E3994EF-5056-4289-9C62-DC1140FD764E}.Release|Any CPU.Build.0 = Release|Any CPU
		{9DC9D350-B0E3-4481-AC7A-DBE3729C8955}.Debug|Any CPU.ActiveCfg = Debug|Any CPU
		{9DC9D350-B0E3-4481-AC7A-DBE3729C8955}.Debug|Any CPU.Build.0 = Debug|Any CPU
		{9DC9D350-B0E3-4481-AC7A-DBE3729C8955}.Release|Any CPU.ActiveCfg = Release|Any CPU
		{9DC9D350-B0E3-4481-AC7A-DBE3729C8955}.Release|Any CPU.Build.0 = Release|Any CPU
		{97B0819E-05D3-4C96-B68A-D7359FE24DEC}.Debug|Any CPU.ActiveCfg = Debug|Any CPU
		{97B0819E-05D3-4C96-B68A-D7359FE24DEC}.Debug|Any CPU.Build.0 = Debug|Any CPU
		{97B0819E-05D3-4C96-B68A-D7359FE24DEC}.Release|Any CPU.ActiveCfg = Release|Any CPU
		{97B0819E-05D3-4C96-B68A-D7359FE24DEC}.Release|Any CPU.Build.0 = Release|Any CPU
		{7A3EB3CD-D805-434C-9634-3BCC1482F661}.Debug|Any CPU.ActiveCfg = Debug|Any CPU
		{7A3EB3CD-D805-434C-9634-3BCC1482F661}.Debug|Any CPU.Build.0 = Debug|Any CPU
		{7A3EB3CD-D805-434C-9634-3BCC1482F661}.Release|Any CPU.ActiveCfg = Release|Any CPU
		{7A3EB3CD-D805-434C-9634-3BCC1482F661}.Release|Any CPU.Build.0 = Release|Any CPU
		{F1385A97-D414-47EC-9266-FF1487B3A1B3}.Debug|Any CPU.ActiveCfg = Debug|Any CPU
		{F1385A97-D414-47EC-9266-FF1487B3A1B3}.Debug|Any CPU.Build.0 = Debug|Any CPU
		{F1385A97-D414-47EC-9266-FF1487B3A1B3}.Release|Any CPU.ActiveCfg = Release|Any CPU
		{F1385A97-D414-47EC-9266-FF1487B3A1B3}.Release|Any CPU.Build.0 = Release|Any CPU
	EndGlobalSection
	GlobalSection(SolutionProperties) = preSolution
		HideSolutionNode = FALSE
	EndGlobalSection
	GlobalSection(NestedProjects) = preSolution
		{220A1C2F-41CE-44CC-A90B-32EC8DBC535A} = {56638BCA-E00D-4AFE-8390-C3E572A9C339}
		{4E3994EF-5056-4289-9C62-DC1140FD764E} = {E0C94E7C-CFD0-423C-9F08-F6CF492FBE28}
		{9DC9D350-B0E3-4481-AC7A-DBE3729C8955} = {7E9806D0-6778-4DCD-AF1F-013ACEE01569}
		{97B0819E-05D3-4C96-B68A-D7359FE24DEC} = {56638BCA-E00D-4AFE-8390-C3E572A9C339}
		{7A3EB3CD-D805-434C-9634-3BCC1482F661} = {0567ECB9-28D1-49C0-B537-8BF3A6F5D730}
		{F1385A97-D414-47EC-9266-FF1487B3A1B3} = {7E9806D0-6778-4DCD-AF1F-013ACEE01569}
	EndGlobalSection
	GlobalSection(ExtensibilityGlobals) = postSolution
		SolutionGuid = {81F60B3B-238B-4DAA-994C-46F6F7DDB01C}
	EndGlobalSection
EndGlobal
